
Microsoft Visual Studio Solution File, Format Version 12.00
# Visual Studio Version 17
VisualStudioVersion = 17.8.34330.188
MinimumVisualStudioVersion = 10.0.40219.1
Project("{FAE04EC0-301F-11D3-BF4B-00C04F79EFBC}") = "SignalRChat", "SignalRChat\SignalRChat.csproj", "{1DACCE27-A1EA-4C4E-8AC3-41AB525E54F2}"
EndProject
Global
	GlobalSection(SolutionConfigurationPlatforms) = preSolution
		Debug|Any CPU = Debug|Any CPU
		Release|Any CPU = Release|Any CPU
	EndGlobalSection
	GlobalSection(ProjectConfigurationPlatforms) = postSolution
		{1DACCE27-A1EA-4C4E-8AC3-41AB525E54F2}.Debug|Any CPU.ActiveCfg = Debug|Any CPU
		{1DACCE27-A1EA-4C4E-8AC3-41AB525E54F2}.Debug|Any CPU.Build.0 = Debug|Any CPU
		{1DACCE27-A1EA-4C4E-8AC3-41AB525E54F2}.Release|Any CPU.ActiveCfg = Release|Any CPU
		{1DACCE27-A1EA-4C4E-8AC3-41AB525E54F2}.Release|Any CPU.Build.0 = Release|Any CPU
	EndGlobalSection
	GlobalSection(SolutionProperties) = preSolution
		HideSolutionNode = FALSE
	EndGlobalSection
	GlobalSection(ExtensibilityGlobals) = postSolution
		SolutionGuid = {0697FB9A-068C-404E-9B89-4CF971AA2BF2}
	EndGlobalSection
EndGlobal
